schema: '2.0'
stages:
  download_data:
    cmd: kaggle datasets download -d ashishjangra27/face-mask-12k-images-dataset -p
      data/raw --unzip
    outs:
    - path: data/raw/Face Mask Dataset
      md5: 8036933c6146353e5fe7e8816e9d1906.dir
      size: 344902042
      nfiles: 11792
  train_model:
    cmd: python -m src.models.train_model -d "./data/raw/Face Mask Dataset" -e 1 -b
      64 --lr 0.005
    deps:
    - path: data/raw/Face Mask Dataset
      md5: 8036933c6146353e5fe7e8816e9d1906.dir
      size: 344902042
      nfiles: 11792
    - path: src/models
      md5: 671dc45aa4cc89cc0bf9455dc7e63d7c.dir
      size: 9776
      nfiles: 8
    outs:
    - path: metrics/metrics.json
      md5: 212d38b5aad49de4a3dd01f0bd68ec92
      size: 109
    - path: models/model.pkl
      md5: e67daac40ac99a09622fabd221a738e4
      size: 26151
